
Microsoft Visual Studio Solution File, Format Version 12.00
# Visual Studio Version 17
VisualStudioVersion = 17.6.33723.286
MinimumVisualStudioVersion = 10.0.40219.1
Project("{FAE04EC0-301F-11D3-BF4B-00C04F79EFBC}") = "Loop", "Loop\Loop.csproj", "{EDD24FEA-60BE-46F2-AD4A-25252FBAABB6}"
EndProject
Global
	GlobalSection(SolutionConfigurationPlatforms) = preSolution
		Debug|Any CPU = Debug|Any CPU
		Release|Any CPU = Release|Any CPU
	EndGlobalSection
	GlobalSection(ProjectConfigurationPlatforms) = postSolution
		{EDD24FEA-60BE-46F2-AD4A-25252FBAABB6}.Debug|Any CPU.ActiveCfg = Debug|Any CPU
		{EDD24FEA-60BE-46F2-AD4A-25252FBAABB6}.Debug|Any CPU.Build.0 = Debug|Any CPU
		{EDD24FEA-60BE-46F2-AD4A-25252FBAABB6}.Release|Any CPU.ActiveCfg = Release|Any CPU
		{EDD24FEA-60BE-46F2-AD4A-25252FBAABB6}.Release|Any CPU.Build.0 = Release|Any CPU
	EndGlobalSection
	GlobalSection(SolutionProperties) = preSolution
		HideSolutionNode = FALSE
	EndGlobalSection
	GlobalSection(ExtensibilityGlobals) = postSolution
		SolutionGuid = {2AFAB3E1-0B7F-4E4F-9FF3-958C7ABF375E}
	EndGlobalSection
EndGlobal
